
Microsoft Visual Studio Solution File, Format Version 12.00
# Visual Studio Version 16
VisualStudioVersion = 16.0.31005.135
MinimumVisualStudioVersion = 10.0.40219.1
Project("{FAE04EC0-301F-11D3-BF4B-00C04F79EFBC}") = "Widget", "Widget\Widget.csproj", "{1D1206BE-E94D-483A-8CB0-F16CFF987DBD}"
EndProject
Global
	GlobalSection(SolutionConfigurationPlatforms) = preSolution
		Debug|Any CPU = Debug|Any CPU
		Release|Any CPU = Release|Any CPU
	EndGlobalSection
	GlobalSection(ProjectConfigurationPlatforms) = postSolution
		{1D1206BE-E94D-483A-8CB0-F16CFF987DBD}.Debug|Any CPU.ActiveCfg = Debug|Any CPU
		{1D1206BE-E94D-483A-8CB0-F16CFF987DBD}.Debug|Any CPU.Build.0 = Debug|Any CPU
		{1D1206BE-E94D-483A-8CB0-F16CFF987DBD}.Release|Any CPU.ActiveCfg = Release|Any CPU
		{1D1206BE-E94D-483A-8CB0-F16CFF987DBD}.Release|Any CPU.Build.0 = Release|Any CPU
	EndGlobalSection
	GlobalSection(SolutionProperties) = preSolution
		HideSolutionNode = FALSE
	EndGlobalSection
	GlobalSection(ExtensibilityGlobals) = postSolution
		SolutionGuid = {2F8BD865-119C-4865-891B-978702047DA1}
	EndGlobalSection
EndGlobal
